
Microsoft Visual Studio Solution File, Format Version 12.00
# Visual Studio Version 16
VisualStudioVersion = 16.0.31613.86
MinimumVisualStudioVersion = 10.0.40219.1
Project("{FAE04EC0-301F-11D3-BF4B-00C04F79EFBC}") = "VoskNetApi", "VoskNetApi\VoskNetApi.csproj", "{7A6B97DA-9AB0-44B0-8D04-D8C62EFED246}"
EndProject
Global
	GlobalSection(SolutionConfigurationPlatforms) = preSolution
		Debug|Any CPU = Debug|Any CPU
		Release|Any CPU = Release|Any CPU
	EndGlobalSection
	GlobalSection(ProjectConfigurationPlatforms) = postSolution
		{7A6B97DA-9AB0-44B0-8D04-D8C62EFED246}.Debug|Any CPU.ActiveCfg = Debug|Any CPU
		{7A6B97DA-9AB0-44B0-8D04-D8C62EFED246}.Debug|Any CPU.Build.0 = Debug|Any CPU
		{7A6B97DA-9AB0-44B0-8D04-D8C62EFED246}.Release|Any CPU.ActiveCfg = Release|Any CPU
		{7A6B97DA-9AB0-44B0-8D04-D8C62EFED246}.Release|Any CPU.Build.0 = Release|Any CPU
	EndGlobalSection
	GlobalSection(SolutionProperties) = preSolution
		HideSolutionNode = FALSE
	EndGlobalSection
	GlobalSection(ExtensibilityGlobals) = postSolution
		SolutionGuid = {C34847AD-545B-47CA-AFEC-4706880F14E8}
	EndGlobalSection
EndGlobal
